<Solution>
    <Folder Name="/config/">
        <File Path=".editorconfig"/>
        <File Path=".globalconfig"/>
        <File Path=".gitattributes"/>
        <File Path=".gitignore"/>
        <File Path="AGENTS.md"/>
        <File Path="CodeMetricsConfig.txt"/>
        <File Path="Directory.Build.props"/>
        <File Path="Directory.Build.targets"/>
        <File Path="Directory.Packages.props"/>
        <File Path="global.json"/>
        <File Path="renovate.jsonc"/>
    </Folder>
    <Folder Name="/scripts/">
        <File Path="scripts/act/ActRunner.cs"/>
        <File Path="scripts/act/test-ci.cs"/>
        <File Path="scripts/act/test-pr.cs"/>
        <File Path="scripts/prepare-shell-scripts.cs"/>
        <File Path="scripts/semantic-release/100-verify/101-verify_server.cs"/>
        <File Path="scripts/semantic-release/100-verify/102-verify_nuget.cs"/>
        <File Path="scripts/semantic-release/100-verify/103-verify_helm.cs"/>
        <File Path="scripts/semantic-release/100-verify/VerifyTargets.cs"/>
        <File Path="scripts/semantic-release/100-verify/verify.cs"/>
        <File Path="scripts/semantic-release/200-prepare/201-prepare_server.cs"/>
        <File Path="scripts/semantic-release/200-prepare/202-prepare_nuget.cs"/>
        <File Path="scripts/semantic-release/200-prepare/203-prepare_helm.cs"/>
        <File Path="scripts/semantic-release/200-prepare/PrepareTargets.cs"/>
        <File Path="scripts/semantic-release/200-prepare/prepare.cs"/>
        <File Path="scripts/semantic-release/300-publish/301-publish_server.cs"/>
        <File Path="scripts/semantic-release/300-publish/302-publish_nuget.cs"/>
        <File Path="scripts/semantic-release/300-publish/303-publish_helm.cs"/>
        <File Path="scripts/semantic-release/300-publish/PublishTargets.cs"/>
        <File Path="scripts/semantic-release/300-publish/publish.cs"/>
        <File Path="scripts/semantic-release/README.md"/>
        <File Path="scripts/semantic-release/shared/ReleaseDefaults.cs"/>
        <File Path="scripts/semantic-release/shared/ReleaseSubScripts.cs"/>
        <File Path="scripts/semantic-release/shared/ReleaseValidation.cs"/>
        <File Path="scripts/shared/Exceptions.cs"/>
        <File Path="scripts/shared/GitRepositoryContext.cs"/>
        <File Path="scripts/shared/GitScriptIndex.cs"/>
        <File Path="scripts/shared/NativeCommandResult.cs"/>
        <File Path="scripts/shared/NativeCommandRunner.cs"/>
        <File Path="scripts/shared/NativeCommandSpec.cs"/>
        <File Path="scripts/shared/Packages.cs"/>
        <File Path="scripts/shared/ScriptEnvironment.cs"/>
        <File Path="scripts/update-shell-script-permissions.cs"/>
    </Folder>
    <Folder Name="/src/">
        <Project Path="src/Template/Template.csproj"/>
    </Folder>
    <Folder Name="/tests/">
        <Project Path="tests/Template.IntegrationTests/Template.IntegrationTests.csproj"/>
        <Project Path="tests/Template.UnitTests/Template.UnitTests.csproj"/>
    </Folder>
</Solution>
